{
  "name": "SorrellWm",
  "version": "1.0.0",
  "lockfileVersion": 2,
  "requires": true,
  "packages": {
    "": {
      "name": "SorrellWm",
      "version": "1.0.0",
      "hasInstallScript": true,
      "license": "MIT",
      "dependencies": {
        "@sorrellwm/windows": "file:../../Windows"
      }
    },
    "../../Windows": {
      "name": "@sorrellwm/windows",
      "version": "1.0.0",
      "license": "MIT",
      "dependencies": {
        "bindings": "^1.5.0",
        "node-addon-api": "^8.6.0",
        "node-gyp": "^12.2.0"
      },
      "devDependencies": {
        "cmake-js": "^8.0.0",
        "node-api-headers": "^1.8.0"
      }
    },
    "node_modules/@sorrellwm/windows": {
      "resolved": "../../Windows",
      "link": true
    }
  },
  "dependencies": {
    "@sorrellwm/windows": {
      "version": "file:../../Windows",
      "requires": {
        "bindings": "^1.5.0",
        "cmake-js": "^8.0.0",
        "node-addon-api": "^8.6.0",
        "node-api-headers": "^1.8.0",
        "node-gyp": "^12.2.0"
      }
    }
  }
}
