{
  "name": "@sorrellwm/release",
  "version": "1.0.0",
  "lockfileVersion": 2,
  "requires": true,
  "packages": {
    "": {
      "name": "@sorrellwm/release",
      "version": "1.0.0",
      "hasInstallScript": true,
      "license": "MIT"
    },
    "../../Windows": {
      "name": "@sorrellwm/win-32",
      "version": "1.0.0",
      "extraneous": true,
      "license": "MIT",
      "dependencies": {
        "bindings": "^1.5.0",
        "node-addon-api": "^8.6.0",
        "node-gyp": "^12.2.0"
      },
      "devDependencies": {
        "cmake-js": "^8.0.0",
        "node-api-headers": "^1.8.0"
      }
    }
  }
}
